
Microsoft Visual Studio Solution File, Format Version 12.00
# Visual Studio Version 17
VisualStudioVersion = 17.11.35327.3
MinimumVisualStudioVersion = 10.0.40219.1
Project("{9A19103F-16F7-4668-BE54-9A1E7A4F7556}") = "Entities", "Entities\Entities.csproj", "{DC1D9B46-E7CA-4BFC-A935-E483B3A4786C}"
EndProject
Project("{9A19103F-16F7-4668-BE54-9A1E7A4F7556}") = "DataAccess", "DataAccess\DataAccess.csproj", "{9DEF18D5-89ED-4F2E-9292-AC0EDE5111A3}"
EndProject
Project("{9A19103F-16F7-4668-BE54-9A1E7A4F7556}") = "Business", "Business\Business.csproj", "{DBC19C98-ED36-434A-BBB8-63C228BF4D4E}"
EndProject
Project("{9A19103F-16F7-4668-BE54-9A1E7A4F7556}") = "Core", "Core\Core.csproj", "{AF4D86EC-D4BF-4466-B133-4CA88B4DD680}"
EndProject
Project("{9A19103F-16F7-4668-BE54-9A1E7A4F7556}") = "Web_Api", "Web_Api\Web_Api.csproj", "{E63C40FB-3547-4E15-8563-9C1368175707}"
EndProject
Project("{FAE04EC0-301F-11D3-BF4B-00C04F79EFBC}") = "SosyalMedya_Web", "SosyalMedya_Web\SosyalMedya_Web.csproj", "{056D7FF1-FCE6-481C-9155-EFE2FDB9D62F}"
EndProject
Global
	GlobalSection(SolutionConfigurationPlatforms) = preSolution
		Debug|Any CPU = Debug|Any CPU
		Release|Any CPU = Release|Any CPU
	EndGlobalSection
	GlobalSection(ProjectConfigurationPlatforms) = postSolution
		{DC1D9B46-E7CA-4BFC-A935-E483B3A4786C}.Debug|Any CPU.ActiveCfg = Debug|Any CPU
		{DC1D9B46-E7CA-4BFC-A935-E483B3A4786C}.Debug|Any CPU.Build.0 = Debug|Any CPU
		{DC1D9B46-E7CA-4BFC-A935-E483B3A4786C}.Release|Any CPU.ActiveCfg = Release|Any CPU
		{DC1D9B46-E7CA-4BFC-A935-E483B3A4786C}.Release|Any CPU.Build.0 = Release|Any CPU
		{9DEF18D5-89ED-4F2E-9292-AC0EDE5111A3}.Debug|Any CPU.ActiveCfg = Debug|Any CPU
		{9DEF18D5-89ED-4F2E-9292-AC0EDE5111A3}.Debug|Any CPU.Build.0 = Debug|Any CPU
		{9DEF18D5-89ED-4F2E-9292-AC0EDE5111A3}.Release|Any CPU.ActiveCfg = Release|Any CPU
		{9DEF18D5-89ED-4F2E-9292-AC0EDE5111A3}.Release|Any CPU.Build.0 = Release|Any CPU
		{DBC19C98-ED36-434A-BBB8-63C228BF4D4E}.Debug|Any CPU.ActiveCfg = Debug|Any CPU
		{DBC19C98-ED36-434A-BBB8-63C228BF4D4E}.Debug|Any CPU.Build.0 = Debug|Any CPU
		{DBC19C98-ED36-434A-BBB8-63C228BF4D4E}.Release|Any CPU.ActiveCfg = Release|Any CPU
		{DBC19C98-ED36-434A-BBB8-63C228BF4D4E}.Release|Any CPU.Build.0 = Release|Any CPU
		{AF4D86EC-D4BF-4466-B133-4CA88B4DD680}.Debug|Any CPU.ActiveCfg = Debug|Any CPU
		{AF4D86EC-D4BF-4466-B133-4CA88B4DD680}.Debug|Any CPU.Build.0 = Debug|Any CPU
		{AF4D86EC-D4BF-4466-B133-4CA88B4DD680}.Release|Any CPU.ActiveCfg = Release|Any CPU
		{AF4D86EC-D4BF-4466-B133-4CA88B4DD680}.Release|Any CPU.Build.0 = Release|Any CPU
		{E63C40FB-3547-4E15-8563-9C1368175707}.Debug|Any CPU.ActiveCfg = Debug|Any CPU
		{E63C40FB-3547-4E15-8563-9C1368175707}.Debug|Any CPU.Build.0 = Debug|Any CPU
		{E63C40FB-3547-4E15-8563-9C1368175707}.Release|Any CPU.ActiveCfg = Release|Any CPU
		{E63C40FB-3547-4E15-8563-9C1368175707}.Release|Any CPU.Build.0 = Release|Any CPU
		{056D7FF1-FCE6-481C-9155-EFE2FDB9D62F}.Debug|Any CPU.ActiveCfg = Debug|Any CPU
		{056D7FF1-FCE6-481C-9155-EFE2FDB9D62F}.Debug|Any CPU.Build.0 = Debug|Any CPU
		{056D7FF1-FCE6-481C-9155-EFE2FDB9D62F}.Release|Any CPU.ActiveCfg = Release|Any CPU
		{056D7FF1-FCE6-481C-9155-EFE2FDB9D62F}.Release|Any CPU.Build.0 = Release|Any CPU
	EndGlobalSection
	GlobalSection(SolutionProperties) = preSolution
		HideSolutionNode = FALSE
	EndGlobalSection
	GlobalSection(ExtensibilityGlobals) = postSolution
		SolutionGuid = {AC2411E1-C104-4EED-82BB-94046857EB08}
	EndGlobalSection
EndGlobal
